{
  "requires": true,
  "lockfileVersion": 1,
  "dependencies": {
    "graphite": {
      "version": "0.1.2",
      "resolved": "https://registry.npmjs.org/graphite/-/graphite-0.1.2.tgz",
      "integrity": "sha512-r8M8IrBiU2OQAUErQMMldzegwf3SwwO3omKKRxOUE9oy5J79uvbQFgrx8uHUp4kKGm0TabDJSdDm9ZG0k4apwg==",
      "requires": {
        "lazy-socket": "0.0.3",
        "request": "2.1.1"
      }
    },
    "inherits": {
      "version": "2.0.3",
      "resolved": "https://registry.npmjs.org/inherits/-/inherits-2.0.3.tgz",
      "integrity": "sha1-Yzwsg+PaQqUC9SRmAiSA9CCCYd4="
    },
    "lazy-socket": {
      "version": "0.0.3",
      "resolved": "https://registry.npmjs.org/lazy-socket/-/lazy-socket-0.0.3.tgz",
      "integrity": "sha1-IY35pYDxVE2LuEwxSd8EesDP/To="
    },
    "measured": {
      "version": "1.1.0",
      "resolved": "https://registry.npmjs.org/measured/-/measured-1.1.0.tgz",
      "integrity": "sha1-f2ozre53vGehZIloxXNgjCkbmsQ=",
      "requires": {
        "inherits": "2.0.3"
      }
    },
    "request": {
      "version": "2.1.1",
      "resolved": "https://registry.npmjs.org/request/-/request-2.1.1.tgz",
      "integrity": "sha1-VXDgxzfWVuvW0dPICqUQ08+Gxvo="
    }
  }
}
